
Microsoft Visual Studio Solution File, Format Version 12.00
# Visual Studio Version 16
VisualStudioVersion = 16.0.30621.155
MinimumVisualStudioVersion = 10.0.40219.1
Project("{9A19103F-16F7-4668-BE54-9A1E7A4F7556}") = "FerroApp.Domain", "FerroApp.Domain\FerroApp.Domain.csproj", "{C8B09A09-9047-4EF8-8667-48542AD74118}"
EndProject
Project("{9A19103F-16F7-4668-BE54-9A1E7A4F7556}") = "FerroApp.Infraestructure", "FerroApp.Infraestructure\FerroApp.Infraestructure.csproj", "{C61DDEA5-B317-4FF9-9582-6FFE13DFD132}"
EndProject
Project("{9A19103F-16F7-4668-BE54-9A1E7A4F7556}") = "FerroApp.Api", "FerroApp.Api\FerroApp.Api.csproj", "{F8DFDD02-9E14-4879-AD48-05C191A0F656}"
EndProject
Project("{9A19103F-16F7-4668-BE54-9A1E7A4F7556}") = "FerroApp.GUI", "FerroApp.GUI\FerroApp.GUI.csproj", "{4EE45803-90F7-4578-AD07-B95DB37FBB0C}"
EndProject
Project("{9A19103F-16F7-4668-BE54-9A1E7A4F7556}") = "FerroApp.Application", "FerroApp.Application\FerroApp.Application.csproj", "{A79888A1-5B97-419A-8E51-D14CD598477A}"
EndProject
Project("{FAE04EC0-301F-11D3-BF4B-00C04F79EFBC}") = "FerroApp.ConsumeApi", "FerroApp.ConsumeApi\FerroApp.ConsumeApi.csproj", "{2DA385F7-F18D-448C-BDDA-1B8509412B69}"
EndProject
Global
	GlobalSection(SolutionConfigurationPlatforms) = preSolution
		Debug|Any CPU = Debug|Any CPU
		Release|Any CPU = Release|Any CPU
	EndGlobalSection
	GlobalSection(ProjectConfigurationPlatforms) = postSolution
		{C8B09A09-9047-4EF8-8667-48542AD74118}.Debug|Any CPU.ActiveCfg = Debug|Any CPU
		{C8B09A09-9047-4EF8-8667-48542AD74118}.Debug|Any CPU.Build.0 = Debug|Any CPU
		{C8B09A09-9047-4EF8-8667-48542AD74118}.Release|Any CPU.ActiveCfg = Release|Any CPU
		{C8B09A09-9047-4EF8-8667-48542AD74118}.Release|Any CPU.Build.0 = Release|Any CPU
		{C61DDEA5-B317-4FF9-9582-6FFE13DFD132}.Debug|Any CPU.ActiveCfg = Debug|Any CPU
		{C61DDEA5-B317-4FF9-9582-6FFE13DFD132}.Debug|Any CPU.Build.0 = Debug|Any CPU
		{C61DDEA5-B317-4FF9-9582-6FFE13DFD132}.Release|Any CPU.ActiveCfg = Release|Any CPU
		{C61DDEA5-B317-4FF9-9582-6FFE13DFD132}.Release|Any CPU.Build.0 = Release|Any CPU
		{F8DFDD02-9E14-4879-AD48-05C191A0F656}.Debug|Any CPU.ActiveCfg = Debug|Any CPU
		{F8DFDD02-9E14-4879-AD48-05C191A0F656}.Debug|Any CPU.Build.0 = Debug|Any CPU
		{F8DFDD02-9E14-4879-AD48-05C191A0F656}.Release|Any CPU.ActiveCfg = Release|Any CPU
		{F8DFDD02-9E14-4879-AD48-05C191A0F656}.Release|Any CPU.Build.0 = Release|Any CPU
		{4EE45803-90F7-4578-AD07-B95DB37FBB0C}.Debug|Any CPU.ActiveCfg = Debug|Any CPU
		{4EE45803-90F7-4578-AD07-B95DB37FBB0C}.Debug|Any CPU.Build.0 = Debug|Any CPU
		{4EE45803-90F7-4578-AD07-B95DB37FBB0C}.Release|Any CPU.ActiveCfg = Release|Any CPU
		{4EE45803-90F7-4578-AD07-B95DB37FBB0C}.Release|Any CPU.Build.0 = Release|Any CPU
		{A79888A1-5B97-419A-8E51-D14CD598477A}.Debug|Any CPU.ActiveCfg = Debug|Any CPU
		{A79888A1-5B97-419A-8E51-D14CD598477A}.Debug|Any CPU.Build.0 = Debug|Any CPU
		{A79888A1-5B97-419A-8E51-D14CD598477A}.Release|Any CPU.ActiveCfg = Release|Any CPU
		{A79888A1-5B97-419A-8E51-D14CD598477A}.Release|Any CPU.Build.0 = Release|Any CPU
		{2DA385F7-F18D-448C-BDDA-1B8509412B69}.Debug|Any CPU.ActiveCfg = Debug|Any CPU
		{2DA385F7-F18D-448C-BDDA-1B8509412B69}.Debug|Any CPU.Build.0 = Debug|Any CPU
		{2DA385F7-F18D-448C-BDDA-1B8509412B69}.Release|Any CPU.ActiveCfg = Release|Any CPU
		{2DA385F7-F18D-448C-BDDA-1B8509412B69}.Release|Any CPU.Build.0 = Release|Any CPU
	EndGlobalSection
	GlobalSection(SolutionProperties) = preSolution
		HideSolutionNode = FALSE
	EndGlobalSection
	GlobalSection(ExtensibilityGlobals) = postSolution
		SolutionGuid = {136CFAC2-645E-4696-82D7-7AF13EE49F8F}
	EndGlobalSection
EndGlobal
